{
  NnameN: NnovahizN,
  NversionN: N0.2.1N,
  NlockfileVersionN: 3,
  NrequiresN: true,
  NpackagesN: {
    NN: {
      NnameN: NnovahizN,
      NversionN: N0.2.1N,
      NlicenseN: NApache-2.0N,
      NbinN: {
        NNovahizN: Nbin/Novahiz.mjsN,
        Nnovahiz-bootstrapN: Ninstall/bootstrap.mjsN,
        Nnovahiz-installN: Ninstall/install.mjsN,
        Nnovahiz-mcpN: Nmcp/novahiz-tools/index.mjsN,
        Nnovahiz-uninstallN: Ninstall/uninstall.mjsN
      },
      NdevDependenciesN: {
        N@opencode-ai/pluginN: N1.18.30N,
        N@types/nodeN: N24.13.4N,
        NtypescriptN: N7.0.2N
      },
      NenginesN: {
        NnodeN: N>=22.18.0N
      }
    },
    Nnode_modules/@ai-sdk/providerN: {
      NversionN: N3.0.8N,
      NresolvedN: Nhttps://registry.npmjs.org/@ai-sdk/provider/-/provider-3.0.8.tgzN,
      NintegrityN: Nsha512-oGMAgGoQdBXbZqNG0Ze56CHjDZ1IDYOwGYxYjO5KLSlz5HiNQ9udIXsPZ61VWaHGZ5XW/jyjmr6t2xz2jGVwbQ==N,
      NdevN: true,
      NlicenseN: NApache-2.0N,
      NdependenciesN: {
        Njson-schemaN: N^0.4.0N
      },
      NenginesN: {
        NnodeN: N>=18N
      }
    },
    Nnode_modules/@msgpackr-extract/msgpackr-extract-darwin-arm64N: {
      NversionN: N3.0.4N,
      NresolvedN: Nhttps://registry.npmjs.org/@msgpackr-extract/msgpackr-extract-darwin-arm64/-/msgpackr-extract-darwin-arm64-3.0.4.tgzN,
      NintegrityN: Nsha512-LCkGo6JDfaBhgST7UpPWgNgLINpcpabaHfyz5OBx75nUYxBsaEPxjnyNjWpeb/xBup/682QnBfRBy2/LvPutZQ==N,
      NcpuN: [
        Narm64N
      ],
      NdevN: true,
      NlicenseN: NMITN,
      NoptionalN: true,
      NosN: [
        NdarwinN
      ]
    },
    Nnode_modules/@msgpackr-extract/msgpackr-extract-darwin-x64N: {
      NversionN: N3.0.4N,
      NresolvedN: Nhttps://registry.npmjs.org/@msgpackr-extract/msgpackr-extract-darwin-x64/-/msgpackr-extract-darwin-x64-3.0.4.tgzN,
      NintegrityN: Nsha512-zExlW9zUJKZH/tOtVMttwjKa4Xm/3KcNjnE3dPN92uCktwavMxpgCA3MoJK/DOnTWsQgo224OaST27/mPNAf+w==N,
      NcpuN: [
        Nx64N
      ],
      NdevN: true,
      NlicenseN: NMITN,
      NoptionalN: true,
      NosN: [
        NdarwinN
      ]
    },
    Nnode_modules/@msgpackr-extract/msgpackr-extract-linux-armN: {
      NversionN: N3.0.4N,
      NresolvedN: Nhttps://registry.npmjs.org/@msgpackr-extract/msgpackr-extract-linux-arm/-/msgpackr-extract-linux-arm-3.0.4.tgzN,
      NintegrityN: Nsha512-Tg3yX65f5GbtXLkrYEHE5oibZG9epyYWas7FogTTEJeDEF9JlXJzKgXaNhT3UXlTOeA+AfZpYZYZ0uPj7Cfquw==N,
      NcpuN: [
        NarmN
      ],
      NdevN: true,
      NlicenseN: NMITN,
      NoptionalN: true,
      NosN: [
        NlinuxN
      ]
    },
    Nnode_modules/@msgpackr-extract/msgpackr-extract-linux-arm64N: {
      NversionN: N3.0.4N,
      NresolvedN: Nhttps://registry.npmjs.org/@msgpackr-extract/msgpackr-extract-linux-arm64/-/msgpackr-extract-linux-arm64-3.0.4.tgzN,
      NintegrityN: Nsha512-dgX0P/9wGPJeHFBG+ZmhgE6bmtMt7NP5CRBGyyktpopdk/mW4POnrpQsSLtKI1dwpc+pPLuXHDh6vvskyQE/sw==N,
      NcpuN: [
        Narm64N
      ],
      NdevN: true,
      NlicenseN: NMITN,
      NoptionalN: true,
      NosN: [
        NlinuxN
      ]
    },
    Nnode_modules/@msgpackr-extract/msgpackr-extract-linux-x64N: {
      NversionN: N3.0.4N,
      NresolvedN: Nhttps://registry.npmjs.org/@msgpackr-extract/msgpackr-extract-linux-x64/-/msgpackr-extract-linux-x64-3.0.4.tgzN,
      NintegrityN: Nsha512-8TNXMEjJc3QEy7R/x1INhgiU+XakDAFUzBhaz7+Rbrs8NH5UQeHQxxmzsSBJGyV6I1jW79undiQm8tOI+D+8FQ==N,
      NcpuN: [
        Nx64N
      ],
      NdevN: true,
      NlicenseN: NMITN,
      NoptionalN: true,
      NosN: [
        NlinuxN
      ]
    },
    Nnode_modules/@msgpackr-extract/msgpackr-extract-win32-x64N: {
      NversionN: N3.0.4N,
      NresolvedN: Nhttps://registry.npmjs.org/@msgpackr-extract/msgpackr-extract-win32-x64/-/msgpackr-extract-win32-x64-3.0.4.tgzN,
      NintegrityN: Nsha512-CmCXPQrkbwExx3j946/PtHWHbYJiCRBRDl4BlkRQcJB/YOwQxJRTpoo7aTsortjgoJ1x7opzTSxn7C+ASSLVjQ==N,
      NcpuN: [
        Nx64N
      ],
      NdevN: true,
      NlicenseN: NMITN,
      NoptionalN: true,
      NosN: [
        Nwin32N
      ]
    },
    Nnode_modules/@opencode-ai/pluginN: {
      NversionN: N1.18.30N,
      NresolvedN: Nhttps://registry.npmjs.org/@opencode-ai/plugin/-/plugin-1.18.30.tgzN,
      NintegrityN: Nsha512-bXWcA2VD478PXXke1qAYANTq58fCcbgY0GAUqZIFZqPpo48FoG8RH37nNZ78eHtz+ddiKIhFTBZJRaHF3IgFqw==N,
      NdevN: true,
      NlicenseN: NMITN,
      NdependenciesN: {
        N@ai-sdk/providerN: N3.0.8N,
        N@opencode-ai/sdkN: N1.18.30N,
        NeffectN: N4.0.0-beta.83N,
        NzodN: N4.1.8N
      },
      NpeerDependenciesN: {
        N@opentui/coreN: N>=0.4.5N,
        N@opentui/keymapN: N>=0.4.5N,
        N@opentui/solidN: N>=0.4.5N
      },
      NpeerDependenciesMetaN: {
        N@opentui/coreN: {
          NoptionalN: true
        },
        N@opentui/keymapN: {
          NoptionalN: true
        },
        N@opentui/solidN: {
          NoptionalN: true
        }
      }
    },
    Nnode_modules/@opencode-ai/sdkN: {
      NversionN: N1.18.30N,
      NresolvedN: Nhttps://registry.npmjs.org/@opencode-ai/sdk/-/sdk-1.18.30.tgzN,
      NintegrityN: Nsha512-uviJ+PZLc/D1szt33WGzzt/rqJ+IaNmRGBb+UcOXrcQANl8XXKJrp4CNQQ2UAnUJ3Ek+VqcamIwjtKHUW/OjOQ==N,
      NdevN: true,
      NlicenseN: NMITN,
      NdependenciesN: {
        Ncross-spawnN: N7.0.6N
      }
    },
    Nnode_modules/@standard-schema/specN: {
      NversionN: N1.1.0N,
      NresolvedN: Nhttps://registry.npmjs.org/@standard-schema/spec/-/spec-1.1.0.tgzN,
      NintegrityN: Nsha512-l2aFy5jALhniG5HgqrD6jXLi/rUWrKvqN/qJx6yoJsgKhblVd+iqqU4RCXavm/jPityDo5TCvKMnpjKnOriy0w==N,
      NdevN: true,
      NlicenseN: NMITN
    },
    Nnode_modules/@types/nodeN: {
      NversionN: N24.13.4N,
      NresolvedN: Nhttps://registry.npmjs.org/@types/node/-/node-24.13.4.tgzN,
      NintegrityN: Nsha512-YJ7EqCstVTzIr0fMr7qul/977en+pQHrfmuKIo6Zr9i75Be21dr3MovcfvGtyvi2HAUrRerWps5sMO9I7WaxDw==N,
      NdevN: true,
      NlicenseN: NMITN,
      NdependenciesN: {
        Nundici-typesN: N~7.18.0N
      }
    },
    Nnode_modules/@typescript/typescript-aix-ppc64N: {
      NversionN: N7.0.2N,
      NresolvedN: Nhttps://registry.npmjs.org/@typescript/typescript-aix-ppc64/-/typescript-aix-ppc64-7.0.2.tgzN,
      NintegrityN: Nsha512-MTKKkWB7p/0E9xi1d1tHtZ5PiLkGEMIq88pK2CubZjOsLtYTLqhgIgi6zepFa+9GHZ6h05NMCkQxGKiPXMxXtQ==N,
      NcpuN: [
        Nppc64N
      ],
      NdevN: true,
      NlicenseN: NApache-2.0N,
      NoptionalN: true,
      NosN: [
        NaixN
      ],
      NenginesN: {
        NnodeN: N>=16.20.0N
      }
    },
    Nnode_modules/@typescript/typescript-darwin-arm64N: {
      NversionN: N7.0.2N,
      NresolvedN: Nhttps://registry.npmjs.org/@typescript/typescript-darwin-arm64/-/typescript-darwin-arm64-7.0.2.tgzN,
      NintegrityN: Nsha512-gowzar9MwS/aRWp6f3a4KUqzRjAZjOsmGNCM6LcTgXum+dBfgsBVMN+AgvOCCbguXyick6LJhpBszxMebJ8syA==N,
      NcpuN: [
        Narm64N
      ],
      NdevN: true,
      NlicenseN: NApache-2.0N,
      NoptionalN: true,
      NosN: [
        NdarwinN
      ],
      NenginesN: {
        NnodeN: N>=16.20.0N
      }
    },
    Nnode_modules/@typescript/typescript-darwin-x64N: {
      NversionN: N7.0.2N,
      NresolvedN: Nhttps://registry.npmjs.org/@typescript/typescript-darwin-x64/-/typescript-darwin-x64-7.0.2.tgzN,
      NintegrityN: Nsha512-SZ9xZInqApNlNGc9s0W1VSsktYSOe9cFqNOIqmN1Gs8SmkjKZYFt017G4VwPxASInODuAdbTW7sXiFUf893RgA==N,
      NcpuN: [
        Nx64N
      ],
      NdevN: true,
      NlicenseN: NApache-2.0N,
      NoptionalN: true,
      NosN: [
        NdarwinN
      ],
      NenginesN: {
        NnodeN: N>=16.20.0N
      }
    },
    Nnode_modules/@typescript/typescript-freebsd-arm64N: {
      NversionN: N7.0.2N,
      NresolvedN: Nhttps://registry.npmjs.org/@typescript/typescript-freebsd-arm64/-/typescript-freebsd-arm64-7.0.2.tgzN,
      NintegrityN: Nsha512-W5NH4y/J0plIIS5b2xvTEkU7JFxyqdMAOgf+Ilhl0vHQXKO5dZoxd+C/jEtq56c4F3wk71RB4BMRQ2XdI+bwYQ==N,
      NcpuN: [
        Narm64N
      ],
      NdevN: true,
      NlicenseN: NApache-2.0N,
      NoptionalN: true,
      NosN: [
        NfreebsdN
      ],
      NenginesN: {
        NnodeN: N>=16.20.0N
      }
    },
    Nnode_modules/@typescript/typescript-freebsd-x64N: {
      NversionN: N7.0.2N,
      NresolvedN: Nhttps://registry.npmjs.org/@typescript/typescript-freebsd-x64/-/typescript-freebsd-x64-7.0.2.tgzN,
      NintegrityN: Nsha512-UMGDx5sTpzNw3WiPebH7l90IWfJggEd+egHt/q6p7/Cm3zqoV7VxkGXt+3DxPIw8CcmvAB0j3sVVfbhX+M4Tpw==N,
      NcpuN: [
        Nx64N
      ],
      NdevN: true,
      NlicenseN: NApache-2.0N,
      NoptionalN: true,
      NosN: [
        NfreebsdN
      ],
      NenginesN: {
        NnodeN: N>=16.20.0N
      }
    },
    Nnode_modules/@typescript/typescript-linux-armN: {
      NversionN: N7.0.2N,
      NresolvedN: Nhttps://registry.npmjs.org/@typescript/typescript-linux-arm/-/typescript-linux-arm-7.0.2.tgzN,
      NintegrityN: Nsha512-gffT3xPz9sR7j/YJExkyPntrI0P2EP9XbOyWzth2/Gs0RstK+90RBcO0ncXoXy/beYll1SXw846Nf2zdnEz0QQ==N,
      NcpuN: [
        NarmN
      ],
      NdevN: true,
      NlicenseN: NApache-2.0N,
      NoptionalN: true,
      NosN: [
        NlinuxN
      ],
      NenginesN: {
        NnodeN: N>=16.20.0N
      }
    },
    Nnode_modules/@typescript/typescript-linux-arm64N: {
      NversionN: N7.0.2N,
      NresolvedN: Nhttps://registry.npmjs.org/@typescript/typescript-linux-arm64/-/typescript-linux-arm64-7.0.2.tgzN,
      NintegrityN: Nsha512-Qh4eU4/y3yDjnfjjyPYihMj5/ODIlmt+Bzu17OI+fiSRDW57QmU5SiN63exPRNJPKUzcc1INa1NXdrJ+MqHjUQ==N,
      NcpuN: [
        Narm64N
      ],
      NdevN: true,
      NlicenseN: NApache-2.0N,
      NoptionalN: true,
      NosN: [
        NlinuxN
      ],
      NenginesN: {
        NnodeN: N>=16.20.0N
      }
    },
    Nnode_modules/@typescript/typescript-linux-loong64N: {
      NversionN: N7.0.2N,
      NresolvedN: Nhttps://registry.npmjs.org/@typescript/typescript-linux-loong64/-/typescript-linux-loong64-7.0.2.tgzN,
      NintegrityN: Nsha512-uEHck9i8hoAzXPiYRib1O7miOnz23SxIeVl6F4LXox+qov1K35jHcEW6VHKvZI+pyvl7fZEP4MCU5LYvIq1GuQ==N,
      NcpuN: [
        Nloong64N
      ],
      NdevN: true,
      NlicenseN: NApache-2.0N,
      NoptionalN: true,
      NosN: [
        NlinuxN
      ],
      NenginesN: {
        NnodeN: N>=16.20.0N
      }
    },
    Nnode_modules/@typescript/typescript-linux-mips64elN: {
      NversionN: N7.0.2N,
      NresolvedN: Nhttps://registry.npmjs.org/@typescript/typescript-linux-mips64el/-/typescript-linux-mips64el-7.0.2.tgzN,
      NintegrityN: Nsha512-R4KvAMnE43W5Qeqb0Ly56O3mWMWIAgsMyz36DCaycd5nbg/9kzm0liw3JocfRqyJY0KPmzFjbswozXyW0DnIYA==N,
      NcpuN: [
        Nmips64elN
      ],
      NdevN: true,
      NlicenseN: NApache-2.0N,
      NoptionalN: true,
      NosN: [
        NlinuxN
      ],
      NenginesN: {
        NnodeN: N>=16.20.0N
      }
    },
    Nnode_modules/@typescript/typescript-linux-ppc64N: {
      NversionN: N7.0.2N,
      NresolvedN: Nhttps://registry.npmjs.org/@typescript/typescript-linux-ppc64/-/typescript-linux-ppc64-7.0.2.tgzN,
      NintegrityN: Nsha512-DORx5b3sd/4S7eayxm4FQv+A7CrkUIGRaHiwI8oiHTAI1fAPWhF4J0vAlkC8biAlHSVVwxMQ3tjZ2/DVbnQiiA==N,
      NcpuN: [
        Nppc64N
      ],
      NdevN: true,
      NlicenseN: NApache-2.0N,
      NoptionalN: true,
      NosN: [
        NlinuxN
      ],
      NenginesN: {
        NnodeN: N>=16.20.0N
      }
    },
    Nnode_modules/@typescript/typescript-linux-riscv64N: {
      NversionN: N7.0.2N,
      NresolvedN: Nhttps://registry.npmjs.org/@typescript/typescript-linux-riscv64/-/typescript-linux-riscv64-7.0.2.tgzN,
      NintegrityN: Nsha512-wf0jqEDOjrPRnKwYRyyJDRo11KMbvMFrU+q4zqKyChODBzvlkbhNQfKvLxQCcwTpdDaXSHZTVuh0JoCrKCUMHQ==N,
      NcpuN: [
        Nriscv64N
      ],
      NdevN: true,
      NlicenseN: NApache-2.0N,
      NoptionalN: true,
      NosN: [
        NlinuxN
      ],
      NenginesN: {
        NnodeN: N>=16.20.0N
      }
    },
    Nnode_modules/@typescript/typescript-linux-s390xN: {
      NversionN: N7.0.2N,
      NresolvedN: Nhttps://registry.npmjs.org/@typescript/typescript-linux-s390x/-/typescript-linux-s390x-7.0.2.tgzN,
      NintegrityN: Nsha512-IkwJc3L7yhytWd/ewjyxNDfOmswCm9GWMJT/ue/dU4aZNbwZeYAetq42VyLmsmSjvoX7z74X6ZaYCtzAr0EuGw==N,
      NcpuN: [
        Ns390xN
      ],
      NdevN: true,
      NlicenseN: NApache-2.0N,
      NoptionalN: true,
      NosN: [
        NlinuxN
      ],
      NenginesN: {
        NnodeN: N>=16.20.0N
      }
    },
    Nnode_modules/@typescript/typescript-linux-x64N: {
      NversionN: N7.0.2N,
      NresolvedN: Nhttps://registry.npmjs.org/@typescript/typescript-linux-x64/-/typescript-linux-x64-7.0.2.tgzN,
      NintegrityN: Nsha512-EYdf2cNg7rgCWJnxCdJ+F3V39O8ihb37eHAu1LK8oAFizgTQbPOK7zHHXbPt8rX24COqODXeI3sIf0fCXG7H/A==N,
      NcpuN: [
        Nx64N
      ],
      NdevN: true,
      NlicenseN: NApache-2.0N,
      NoptionalN: true,
      NosN: [
        NlinuxN
      ],
      NenginesN: {
        NnodeN: N>=16.20.0N
      }
    },
    Nnode_modules/@typescript/typescript-netbsd-arm64N: {
      NversionN: N7.0.2N,
      NresolvedN: Nhttps://registry.npmjs.org/@typescript/typescript-netbsd-arm64/-/typescript-netbsd-arm64-7.0.2.tgzN,
      NintegrityN: Nsha512-+polYF4MF04aPpO5FTkHran9yUQDSXqy5GiSDKpsll5jy3l3+g9QLhpf39T+ePtefhXLOGrLl0QIjkQP6VnelA==N,
      NcpuN: [
        Narm64N
      ],
      NdevN: true,
      NlicenseN: NApache-2.0N,
      NoptionalN: true,
      NosN: [
        NnetbsdN
      ],
      NenginesN: {
        NnodeN: N>=16.20.0N
      }
    },
    Nnode_modules/@typescript/typescript-netbsd-x64N: {
      NversionN: N7.0.2N,
      NresolvedN: Nhttps://registry.npmjs.org/@typescript/typescript-netbsd-x64/-/typescript-netbsd-x64-7.0.2.tgzN,
      NintegrityN: Nsha512-8YIT0EHM/3dq10ZOVF/A7pc/YSMtbcecct4rWtexrnSCHOPcpC2KTLXfTCR6vDpnSiY12heNb1GiN/wu+T/FyA==N,
      NcpuN: [
        Nx64N
      ],
      NdevN: true,
      NlicenseN: NApache-2.0N,
      NoptionalN: true,
      NosN: [
        NnetbsdN
      ],
      NenginesN: {
        NnodeN: N>=16.20.0N
      }
    },
    Nnode_modules/@typescript/typescript-openbsd-arm64N: {
      NversionN: N7.0.2N,
      NresolvedN: Nhttps://registry.npmjs.org/@typescript/typescript-openbsd-arm64/-/typescript-openbsd-arm64-7.0.2.tgzN,
      NintegrityN: Nsha512-APT8+ClYnuYm1u9+kgGXoMj2VzWzcymwh2gNSQVySHfkRDGOTVkoWLjCmOQSaO+PoqQ57B0flRp9SA+7GnnkzQ==N,
      NcpuN: [
        Narm64N
      ],
      NdevN: true,
      NlicenseN: NApache-2.0N,
      NoptionalN: true,
      NosN: [
        NopenbsdN
      ],
      NenginesN: {
        NnodeN: N>=16.20.0N
      }
    },
    Nnode_modules/@typescript/typescript-openbsd-x64N: {
      NversionN: N7.0.2N,
      NresolvedN: Nhttps://registry.npmjs.org/@typescript/typescript-openbsd-x64/-/typescript-openbsd-x64-7.0.2.tgzN,
      NintegrityN: Nsha512-yX7s+Q0Dln0Dt9tEzZsAjXXR/+ytBM7AlglaqyeMPxQszJ1JhlJdZ6jLA+IzldHtflX81em7lDao1xXu+aRRkg==N,
      NcpuN: [
        Nx64N
      ],
      NdevN: true,
      NlicenseN: NApache-2.0N,
      NoptionalN: true,
      NosN: [
        NopenbsdN
      ],
      NenginesN: {
        NnodeN: N>=16.20.0N
      }
    },
    Nnode_modules/@typescript/typescript-sunos-x64N: {
      NversionN: N7.0.2N,
      NresolvedN: Nhttps://registry.npmjs.org/@typescript/typescript-sunos-x64/-/typescript-sunos-x64-7.0.2.tgzN,
      NintegrityN: Nsha512-dLJDGaLZ1D4HPQn62u1n8mBDkJREwMsAkCdkwd4Ieqw+x3TUyTsqY0YiBCtE6H6OzzgGk3iuZ3vFWRS+E8/d1g==N,
      NcpuN: [
        Nx64N
      ],
      NdevN: true,
      NlicenseN: NApache-2.0N,
      NoptionalN: true,
      NosN: [
        NsunosN
      ],
      NenginesN: {
        NnodeN: N>=16.20.0N
      }
    },
    Nnode_modules/@typescript/typescript-win32-arm64N: {
      NversionN: N7.0.2N,
      NresolvedN: Nhttps://registry.npmjs.org/@typescript/typescript-win32-arm64/-/typescript-win32-arm64-7.0.2.tgzN,
      NintegrityN: Nsha512-Gyl1Vy6OsWesLzmq+EP0Fb7b4Nid5232AvcA2SFcdYreldpNtYFFofPjnt62y9hQy7VTaZp65ICJjuAQRaVcIQ==N,
      NcpuN: [
        Narm64N
      ],
      NdevN: true,
      NlicenseN: NApache-2.0N,
      NoptionalN: true,
      NosN: [
        Nwin32N
      ],
      NenginesN: {
        NnodeN: N>=16.20.0N
      }
    },
    Nnode_modules/@typescript/typescript-win32-x64N: {
      NversionN: N7.0.2N,
      NresolvedN: Nhttps://registry.npmjs.org/@typescript/typescript-win32-x64/-/typescript-win32-x64-7.0.2.tgzN,
      NintegrityN: Nsha512-0BQ3HkAHHlKLSp1qRvf3SUhGpGsDuhB/jgFw75guyqbxJqEaS0Cw/VFO8i2nHglJUzQCRtMMR/IBAKE3ETMC4g==N,
      NcpuN: [
        Nx64N
      ],
      NdevN: true,
      NlicenseN: NApache-2.0N,
      NoptionalN: true,
      NosN: [
        Nwin32N
      ],
      NenginesN: {
        NnodeN: N>=16.20.0N
      }
    },
    Nnode_modules/cross-spawnN: {
      NversionN: N7.0.6N,
      NresolvedN: Nhttps://registry.npmjs.org/cross-spawn/-/cross-spawn-7.0.6.tgzN,
      NintegrityN: Nsha512-uV2QOWP2nWzsy2aMp8aRibhi9dlzF5Hgh5SHaB9OiTGEyDTiJJyx0uy51QXdyWbtAHNua4XJzUKca3OzKUd3vA==N,
      NdevN: true,
      NlicenseN: NMITN,
      NdependenciesN: {
        Npath-keyN: N^3.1.0N,
        Nshebang-commandN: N^2.0.0N,
        NwhichN: N^2.0.1N
      },
      NenginesN: {
        NnodeN: N>= 8N
      }
    },
    Nnode_modules/detect-libcN: {
      NversionN: N2.1.2N,
      NresolvedN: Nhttps://registry.npmjs.org/detect-libc/-/detect-libc-2.1.2.tgzN,
      NintegrityN: Nsha512-Btj2BOOO83o3WyH59e8MgXsxEQVcarkUOpEYrubB0urwnN10yQ364rsiByU11nZlqWYZm05i/of7io4mzihBtQ==N,
      NdevN: true,
      NlicenseN: NApache-2.0N,
      NoptionalN: true,
      NenginesN: {
        NnodeN: N>=8N
      }
    },
    Nnode_modules/effectN: {
      NversionN: N4.0.0-beta.83N,
      NresolvedN: Nhttps://registry.npmjs.org/effect/-/effect-4.0.0-beta.83.tgzN,
      NintegrityN: Nsha512-0wsak8RtgGAr9UWSbVDgJHZcUqMSvicHcvaZv1MbMM7MCGgW4Rn/137J1MHQbwYPcwYGxT/IqehFd+UbYuj78w==N,
      NdevN: true,
      NlicenseN: NMITN,
      NdependenciesN: {
        N@standard-schema/specN: N^1.1.0N,
        Nfast-checkN: N^4.8.0N,
        Nfind-my-way-tsN: N^0.1.6N,
        NiniN: N^7.0.0N,
        Nkubernetes-typesN: N^1.30.0N,
        NmsgpackrN: N^2.0.1N,
        NmultipastaN: N^0.2.7N,
        NtomlN: N^4.1.1N,
        NuuidN: N^14.0.0N,
        NyamlN: N^2.9.0N
      }
    },
    Nnode_modules/fast-checkN: {
      NversionN: N4.10.0N,
      NresolvedN: Nhttps://registry.npmjs.org/fast-check/-/fast-check-4.10.0.tgzN,
      NintegrityN: Nsha512-hhqQL+IJllZi3aM4TKvmCj3bywLEcycNTTLZeLhA9ttMxBrCqM07q7Di4kl+j9EWSTXvJH1+EpIgsDbF/+8H5Q==N,
      NdevN: true,
      NfundingN: [
        {
          NtypeN: NindividualN,
          NurlN: Nhttps://github.com/sponsors/dubzzzN
        },
        {
          NtypeN: NopencollectiveN,
          NurlN: Nhttps://opencollective.com/fast-checkN
        }
      ],
      NlicenseN: NMITN,
      NdependenciesN: {
        Npure-randN: N^8.0.0N
      },
      NenginesN: {
        NnodeN: N>=12.17.0N
      }
    },
    Nnode_modules/find-my-way-tsN: {
      NversionN: N0.1.6N,
      NresolvedN: Nhttps://registry.npmjs.org/find-my-way-ts/-/find-my-way-ts-0.1.6.tgzN,
      NintegrityN: Nsha512-a85L9ZoXtNAey3Y6Z+eBWW658kO/MwR7zIafkIUPUMf3isZG0NCs2pjW2wtjxAKuJPxMAsHUIP4ZPGv0o5gyTA==N,
      NdevN: true,
      NlicenseN: NMITN
    },
    Nnode_modules/iniN: {
      NversionN: N7.0.0N,
      NresolvedN: Nhttps://registry.npmjs.org/ini/-/ini-7.0.0.tgzN,
      NintegrityN: Nsha512-ifK0CgjALofS5bkrcTy4RaQ9Vx2Knf/eLeIO+NaswQEpH1UblrtTSCIvN71qQDMq0PeQ/SSPojvEJp9vvvfr+w==N,
      NdevN: true,
      NlicenseN: NISCN,
      NenginesN: {
        NnodeN: N^22.22.2 || ^24.15.0 || >=26.0.0N
      }
    },
    Nnode_modules/isexeN: {
      NversionN: N2.0.0N,
      NresolvedN: Nhttps://registry.npmjs.org/isexe/-/isexe-2.0.0.tgzN,
      NintegrityN: Nsha512-RHxMLp9lnKHGHRng9QFhRCMbYAcVpn69smSGcq3f36xjgVVWThj4qqLbTLlq7Ssj8B+fIQ1EuCEGI2lKsyQeIw==N,
      NdevN: true,
      NlicenseN: NISCN
    },
    Nnode_modules/json-schemaN: {
      NversionN: N0.4.0N,
      NresolvedN: Nhttps://registry.npmjs.org/json-schema/-/json-schema-0.4.0.tgzN,
      NintegrityN: Nsha512-es94M3nTIfsEPisRafak+HDLfHXnKBhV3vU5eqPcS3flIWqcxJWgXHXiey3YrpaNsanY5ei1VoYEbOzijuq9BA==N,
      NdevN: true,
      NlicenseN: N(AFL-2.1 OR BSD-3-Clause)N
    },
    Nnode_modules/kubernetes-typesN: {
      NversionN: N1.30.0N,
      NresolvedN: Nhttps://registry.npmjs.org/kubernetes-types/-/kubernetes-types-1.30.0.tgzN,
      NintegrityN: Nsha512-Dew1okvhM/SQcIa2rcgujNndZwU8VnSapDgdxlYoB84ZlpAD43U6KLAFqYo17ykSFGHNPrg0qry0bP+GJd9v7Q==N,
      NdevN: true,
      NlicenseN: NApache-2.0N
    },
    Nnode_modules/msgpackrN: {
      NversionN: N2.1.0N,
      NresolvedN: Nhttps://registry.npmjs.org/msgpackr/-/msgpackr-2.1.0.tgzN,
      NintegrityN: Nsha512-p/pBCVO63CsvvpkomUnNNag6+n38rULuDA6HHe70o2gtC8ODI52foF/4ko2qQcp6OiErJXTmrZeXmsGGHsIQNQ==N,
      NdevN: true,
      NlicenseN: NMITN,
      NoptionalDependenciesN: {
        Nmsgpackr-extractN: N^3.0.4N
      }
    },
    Nnode_modules/msgpackr-extractN: {
      NversionN: N3.0.4N,
      NresolvedN: Nhttps://registry.npmjs.org/msgpackr-extract/-/msgpackr-extract-3.0.4.tgzN,
      NintegrityN: Nsha512-4kmO/MdyUIkLIvTPr8VHLil4AtoKIoniWPIEk5+CDy0xnWC84azhSFmuJ7PxZdsYtiP5kEeQsORAVIeMgxT+Hw==N,
      NdevN: true,
      NhasInstallScriptN: true,
      NlicenseN: NMITN,
      NoptionalN: true,
      NdependenciesN: {
        Nnode-gyp-build-optional-packagesN: N5.2.2N
      },
      NbinN: {
        Ndownload-msgpackr-prebuildsN: Nbin/download-prebuilds.jsN
      },
      NoptionalDependenciesN: {
        N@msgpackr-extract/msgpackr-extract-darwin-arm64N: N3.0.4N,
        N@msgpackr-extract/msgpackr-extract-darwin-x64N: N3.0.4N,
        N@msgpackr-extract/msgpackr-extract-linux-armN: N3.0.4N,
        N@msgpackr-extract/msgpackr-extract-linux-arm64N: N3.0.4N,
        N@msgpackr-extract/msgpackr-extract-linux-x64N: N3.0.4N,
        N@msgpackr-extract/msgpackr-extract-win32-x64N: N3.0.4N
      }
    },
    Nnode_modules/multipastaN: {
      NversionN: N0.2.8N,
      NresolvedN: Nhttps://registry.npmjs.org/multipasta/-/multipasta-0.2.8.tgzN,
      NintegrityN: Nsha512-ZPWuMKyv0cSO29f7hozp+k6+crZbQijV8ipMvxNxRf2SwtYGTX1ZX89Kd20VV4H9Znonx+EQn+iy1wGQsJ+b+Q==N,
      NdevN: true,
      NlicenseN: NMITN
    },
    Nnode_modules/node-gyp-build-optional-packagesN: {
      NversionN: N5.2.2N,
      NresolvedN: Nhttps://registry.npmjs.org/node-gyp-build-optional-packages/-/node-gyp-build-optional-packages-5.2.2.tgzN,
      NintegrityN: Nsha512-s+w+rBWnpTMwSFbaE0UXsRlg7hU4FjekKU4eyAih5T8nJuNZT1nNsskXpxmeqSK9UzkBl6UgRlnKc8hz8IEqOw==N,
      NdevN: true,
      NlicenseN: NMITN,
      NoptionalN: true,
      NdependenciesN: {
        Ndetect-libcN: N^2.0.1N
      },
      NbinN: {
        Nnode-gyp-build-optional-packagesN: Nbin.jsN,
        Nnode-gyp-build-optional-packages-optionalN: Noptional.jsN,
        Nnode-gyp-build-optional-packages-testN: Nbuild-test.jsN
      }
    },
    Nnode_modules/path-keyN: {
      NversionN: N3.1.1N,
      NresolvedN: Nhttps://registry.npmjs.org/path-key/-/path-key-3.1.1.tgzN,
      NintegrityN: Nsha512-ojmeN0qd+y0jszEtoY48r0Peq5dwMEkIlCOu6Q5f41lfkswXuKtYrhgoTpLnyIcHm24Uhqx+5Tqm2InSwLhE6Q==N,
      NdevN: true,
      NlicenseN: NMITN,
      NenginesN: {
        NnodeN: N>=8N
      }
    },
    Nnode_modules/pure-randN: {
      NversionN: N8.4.2N,
      NresolvedN: Nhttps://registry.npmjs.org/pure-rand/-/pure-rand-8.4.2.tgzN,
      NintegrityN: Nsha512-vvuOGgcuPJAirlHvuQw1TrOiw7ptaIXXmIbNuiNOY6lNGJJH49PQ1Kj4nd783nPdQhQdicgOjVI2yI/9BD6/Ng==N,
      NdevN: true,
      NfundingN: [
        {
          NtypeN: NindividualN,
          NurlN: Nhttps://github.com/sponsors/dubzzzN
        },
        {
          NtypeN: NopencollectiveN,
          NurlN: Nhttps://opencollective.com/fast-checkN
        }
      ],
      NlicenseN: NMITN
    },
    Nnode_modules/shebang-commandN: {
      NversionN: N2.0.0N,
      NresolvedN: Nhttps://registry.npmjs.org/shebang-command/-/shebang-command-2.0.0.tgzN,
      NintegrityN: Nsha512-kHxr2zZpYtdmrN1qDjrrX/Z1rR1kG8Dx+gkpK1G4eXmvXswmcE1hTWBWYUzlraYw1/yZp6YuDY77YtvbN0dmDA==N,
      NdevN: true,
      NlicenseN: NMITN,
      NdependenciesN: {
        Nshebang-regexN: N^3.0.0N
      },
      NenginesN: {
        NnodeN: N>=8N
      }
    },
    Nnode_modules/shebang-regexN: {
      NversionN: N3.0.0N,
      NresolvedN: Nhttps://registry.npmjs.org/shebang-regex/-/shebang-regex-3.0.0.tgzN,
      NintegrityN: Nsha512-7++dFhtcx3353uBaq8DDR4NuxBetBzC7ZQOhmTQInHEd6bSrXdiEyzCvG07Z44UYdLShWUyXt5M/yhz8ekcb1A==N,
      NdevN: true,
      NlicenseN: NMITN,
      NenginesN: {
        NnodeN: N>=8N
      }
    },
    Nnode_modules/tomlN: {
      NversionN: N4.3.0N,
      NresolvedN: Nhttps://registry.npmjs.org/toml/-/toml-4.3.0.tgzN,
      NintegrityN: Nsha512-lVb8X9BsPVuH0M4BKeS91tXAmJvCjQ5UIyAbQFaxkKGyUFK2RPkhwaFSQH8vbpl1d23eu/IBH+dwVMHWaq9A5A==N,
      NdevN: true,
      NlicenseN: NMITN,
      NenginesN: {
        NnodeN: N>=20N
      }
    },
    Nnode_modules/typescriptN: {
      NversionN: N7.0.2N,
      NresolvedN: Nhttps://registry.npmjs.org/typescript/-/typescript-7.0.2.tgzN,
      NintegrityN: Nsha512-8FYau96o3NKOhbjKi/qNvG/W5jhzxkbdm5sj9AbZ/5T5sWqn3hJgLfGx27sRKZWTvyzCP8dLRBTf5tBTSRVUNA==N,
      NdevN: true,
      NlicenseN: NApache-2.0N,
      NbinN: {
        NtscN: Nbin/tscN
      },
      NenginesN: {
        NnodeN: N>=16.20.0N
      },
      NoptionalDependenciesN: {
        N@typescript/typescript-aix-ppc64N: N7.0.2N,
        N@typescript/typescript-darwin-arm64N: N7.0.2N,
        N@typescript/typescript-darwin-x64N: N7.0.2N,
        N@typescript/typescript-freebsd-arm64N: N7.0.2N,
        N@typescript/typescript-freebsd-x64N: N7.0.2N,
        N@typescript/typescript-linux-armN: N7.0.2N,
        N@typescript/typescript-linux-arm64N: N7.0.2N,
        N@typescript/typescript-linux-loong64N: N7.0.2N,
        N@typescript/typescript-linux-mips64elN: N7.0.2N,
        N@typescript/typescript-linux-ppc64N: N7.0.2N,
        N@typescript/typescript-linux-riscv64N: N7.0.2N,
        N@typescript/typescript-linux-s390xN: N7.0.2N,
        N@typescript/typescript-linux-x64N: N7.0.2N,
        N@typescript/typescript-netbsd-arm64N: N7.0.2N,
        N@typescript/typescript-netbsd-x64N: N7.0.2N,
        N@typescript/typescript-openbsd-arm64N: N7.0.2N,
        N@typescript/typescript-openbsd-x64N: N7.0.2N,
        N@typescript/typescript-sunos-x64N: N7.0.2N,
        N@typescript/typescript-win32-arm64N: N7.0.2N,
        N@typescript/typescript-win32-x64N: N7.0.2N
      }
    },
    Nnode_modules/undici-typesN: {
      NversionN: N7.18.2N,
      NresolvedN: Nhttps://registry.npmjs.org/undici-types/-/undici-types-7.18.2.tgzN,
      NintegrityN: Nsha512-AsuCzffGHJybSaRrmr5eHr81mwJU3kjw6M+uprWvCXiNeN9SOGwQ3Jn8jb8m3Z6izVgknn1R0FTCEAP2QrLY/w==N,
      NdevN: true,
      NlicenseN: NMITN
    },
    Nnode_modules/uuidN: {
      NversionN: N14.0.2N,
      NresolvedN: Nhttps://registry.npmjs.org/uuid/-/uuid-14.0.2.tgzN,
      NintegrityN: Nsha512-xZe/16rV4aa+HGSOCiY2YeLT1OybRLrrkL/Rqaq7p7GMVXjFh+6wN4oMYgjFmnSnhY8t6Xpdl2l9qmnHYuMHwQ==N,
      NdevN: true,
      NfundingN: [
        Nhttps://github.com/sponsors/broofaN,
        Nhttps://github.com/sponsors/ctavanN
      ],
      NlicenseN: NMITN,
      NbinN: {
        NuuidN: Ndist-node/bin/uuidN
      }
    },
    Nnode_modules/whichN: {
      NversionN: N2.0.2N,
      NresolvedN: Nhttps://registry.npmjs.org/which/-/which-2.0.2.tgzN,
      NintegrityN: Nsha512-BLI3Tl1TW3Pvl70l3yq3Y64i+awpwXqsGBYWkkqMtnbXgrMD+yj7rhW0kuEDxzJaYXGjEW5ogapKNMEKNMjibA==N,
      NdevN: true,
      NlicenseN: NISCN,
      NdependenciesN: {
        NisexeN: N^2.0.0N
      },
      NbinN: {
        Nnode-whichN: Nbin/node-whichN
      },
      NenginesN: {
        NnodeN: N>= 8N
      }
    },
    Nnode_modules/yamlN: {
      NversionN: N2.9.0N,
      NresolvedN: Nhttps://registry.npmjs.org/yaml/-/yaml-2.9.0.tgzN,
      NintegrityN: Nsha512-2AvhNX3mb8zd6Zy7INTtSpl1F15HW6Wnqj0srWlkKLcpYl/gMIMJiyuGq2KeI2YFxUPjdlB+3Lc10seMLtL4cA==N,
      NdevN: true,
      NlicenseN: NISCN,
      NbinN: {
        NyamlN: Nbin.mjsN
      },
      NenginesN: {
        NnodeN: N>= 14.6N
      },
      NfundingN: {
        NurlN: Nhttps://github.com/sponsors/eemeliN
      }
    },
    Nnode_modules/zodN: {
      NversionN: N4.1.8N,
      NresolvedN: Nhttps://registry.npmjs.org/zod/-/zod-4.1.8.tgzN,
      NintegrityN: Nsha512-5R1P+WwQqmmMIEACyzSvo4JXHY5WiAFHRMg+zBZKgKS+Q1viRa0C1hmUKtHltoIFKtIdki3pRxkmpP74jnNYHQ==N,
      NdevN: true,
      NlicenseN: NMITN,
      NfundingN: {
        NurlN: Nhttps://github.com/sponsors/colinhacksN
      }
    }
  }
}
